
Microsoft Visual Studio Solution File, Format Version 12.00
# Visual Studio Version 17
VisualStudioVersion = 17.0.31903.59
MinimumVisualStudioVersion = 10.0.40219.1
Project("{2150E333-8FDC-42A3-9474-1A3956D46DE8}") = "src", "src", "{895C09E0-E20C-4352-8A37-8444D8F34881}"
EndProject
Project("{FAE04EC0-301F-11D3-BF4B-00C04F79EFBC}") = "GameDirector.Core", "src\GameDirector.Core\GameDirector.Core.csproj", "{38C347A1-FA78-4231-84B5-744E474B51B1}"
EndProject
Project("{FAE04EC0-301F-11D3-BF4B-00C04F79EFBC}") = "GameDirector.Client", "src\GameDirector.Client\GameDirector.Client.csproj", "{537ED17E-DE87-4A7C-9EC3-F1A94BF75569}"
EndProject
Project("{FAE04EC0-301F-11D3-BF4B-00C04F79EFBC}") = "GameDirector.Cli", "src\GameDirector.Cli\GameDirector.Cli.csproj", "{AF21B710-794A-476D-8391-B2EA3DE5589B}"
EndProject
Project("{FAE04EC0-301F-11D3-BF4B-00C04F79EFBC}") = "GameDirector.Core.Tests", "src\GameDirector.Core.Tests\GameDirector.Core.Tests.csproj", "{26CA742C-616B-42E9-BB81-5B8CA047819E}"
EndProject
Project("{FAE04EC0-301F-11D3-BF4B-00C04F79EFBC}") = "GameDirector.Mcp", "src\GameDirector.Mcp\GameDirector.Mcp.csproj", "{7DBA6520-1A22-4344-B8A7-6557BBCF20A3}"
EndProject
Global
	GlobalSection(SolutionConfigurationPlatforms) = preSolution
		Debug|Any CPU = Debug|Any CPU
		Release|Any CPU = Release|Any CPU
	EndGlobalSection
	GlobalSection(SolutionProperties) = preSolution
		HideSolutionNode = FALSE
	EndGlobalSection
	GlobalSection(ProjectConfigurationPlatforms) = postSolution
		{38C347A1-FA78-4231-84B5-744E474B51B1}.Debug|Any CPU.ActiveCfg = Debug|Any CPU
		{38C347A1-FA78-4231-84B5-744E474B51B1}.Debug|Any CPU.Build.0 = Debug|Any CPU
		{38C347A1-FA78-4231-84B5-744E474B51B1}.Release|Any CPU.ActiveCfg = Release|Any CPU
		{38C347A1-FA78-4231-84B5-744E474B51B1}.Release|Any CPU.Build.0 = Release|Any CPU
		{537ED17E-DE87-4A7C-9EC3-F1A94BF75569}.Debug|Any CPU.ActiveCfg = Debug|Any CPU
		{537ED17E-DE87-4A7C-9EC3-F1A94BF75569}.Debug|Any CPU.Build.0 = Debug|Any CPU
		{537ED17E-DE87-4A7C-9EC3-F1A94BF75569}.Release|Any CPU.ActiveCfg = Release|Any CPU
		{537ED17E-DE87-4A7C-9EC3-F1A94BF75569}.Release|Any CPU.Build.0 = Release|Any CPU
		{AF21B710-794A-476D-8391-B2EA3DE5589B}.Debug|Any CPU.ActiveCfg = Debug|Any CPU
		{AF21B710-794A-476D-8391-B2EA3DE5589B}.Debug|Any CPU.Build.0 = Debug|Any CPU
		{AF21B710-794A-476D-8391-B2EA3DE5589B}.Release|Any CPU.ActiveCfg = Release|Any CPU
		{AF21B710-794A-476D-8391-B2EA3DE5589B}.Release|Any CPU.Build.0 = Release|Any CPU
		{26CA742C-616B-42E9-BB81-5B8CA047819E}.Debug|Any CPU.ActiveCfg = Debug|Any CPU
		{26CA742C-616B-42E9-BB81-5B8CA047819E}.Debug|Any CPU.Build.0 = Debug|Any CPU
		{26CA742C-616B-42E9-BB81-5B8CA047819E}.Release|Any CPU.ActiveCfg = Release|Any CPU
		{26CA742C-616B-42E9-BB81-5B8CA047819E}.Release|Any CPU.Build.0 = Release|Any CPU
		{7DBA6520-1A22-4344-B8A7-6557BBCF20A3}.Debug|Any CPU.ActiveCfg = Debug|Any CPU
		{7DBA6520-1A22-4344-B8A7-6557BBCF20A3}.Debug|Any CPU.Build.0 = Debug|Any CPU
		{7DBA6520-1A22-4344-B8A7-6557BBCF20A3}.Release|Any CPU.ActiveCfg = Release|Any CPU
		{7DBA6520-1A22-4344-B8A7-6557BBCF20A3}.Release|Any CPU.Build.0 = Release|Any CPU
	EndGlobalSection
	GlobalSection(NestedProjects) = preSolution
		{38C347A1-FA78-4231-84B5-744E474B51B1} = {895C09E0-E20C-4352-8A37-8444D8F34881}
		{537ED17E-DE87-4A7C-9EC3-F1A94BF75569} = {895C09E0-E20C-4352-8A37-8444D8F34881}
		{AF21B710-794A-476D-8391-B2EA3DE5589B} = {895C09E0-E20C-4352-8A37-8444D8F34881}
		{26CA742C-616B-42E9-BB81-5B8CA047819E} = {895C09E0-E20C-4352-8A37-8444D8F34881}
		{7DBA6520-1A22-4344-B8A7-6557BBCF20A3} = {895C09E0-E20C-4352-8A37-8444D8F34881}
	EndGlobalSection
EndGlobal
